// !$*UTF8*$!
{
	archiveVersion = 1;
	classes = {
	};
	objectVersion = 46;
	objects = {

/* Begin PBXBuildFile section */
		3FE218261730C14A00CDF44B /* UIKit.framework in Frameworks */ = {isa = PBXBuildFile; fileRef = 3FE218251730C14A00CDF44B /* UIKit.framework */; };
		3FE218281730C14A00CDF44B /* Foundation.framework in Frameworks */ = {isa = PBXBuildFile; fileRef = 3FE218271730C14A00CDF44B /* Foundation.framework */; };
		3FE2182A1730C14A00CDF44B /* CoreGraphics.framework in Frameworks */ = {isa = PBXBuildFile; fileRef = 3FE218291730C14A00CDF44B /* CoreGraphics.framework */; };
		3FE218301730C14A00CDF44B /* InfoPlist.strings in Resources */ = {isa = PBXBuildFile; fileRef = 3FE2182E1730C14A00CDF44B /* InfoPlist.strings */; };
		3FE218321730C14A00CDF44B /* main.m in Sources */ = {isa = PBXBuildFile; fileRef = 3FE218311730C14A00CDF44B /* main.m */; };
		3FE218361730C14A00CDF44B /* AppDelegate.m in Sources */ = {isa = PBXBuildFile; fileRef = 3FE218351730C14A00CDF44B /* AppDelegate.m */; };
		3FE218381730C14B00CDF44B /* Default.png in Resources */ = {isa = PBXBuildFile; fileRef = 3FE218371730C14B00CDF44B /* Default.png */; };
		3FE2183A1730C14B00CDF44B /* Default@2x.png in Resources */ = {isa = PBXBuildFile; fileRef = 3FE218391730C14B00CDF44B /* Default@2x.png */; };
		3FE2183C1730C14B00CDF44B /* Default-568h@2x.png in Resources */ = {isa = PBXBuildFile; fileRef = 3FE2183B1730C14B00CDF44B /* Default-568h@2x.png */; };
		3FE2183F1730C14B00CDF44B /* FirstViewController.m in Sources */ = {isa = PBXBuildFile; fileRef = 3FE2183E1730C14B00CDF44B /* FirstViewController.m */; };
		3FE218411730C14B00CDF44B /* first.png in Resources */ = {isa = PBXBuildFile; fileRef = 3FE218401730C14B00CDF44B /* first.png */; };
		3FE218431730C14B00CDF44B /* first@2x.png in Resources */ = {isa = PBXBuildFile; fileRef = 3FE218421730C14B00CDF44B /* first@2x.png */; };
		3FE218461730C14B00CDF44B /* SecondViewController.m in Sources */ = {isa = PBXBuildFile; fileRef = 3FE218451730C14B00CDF44B /* SecondViewController.m */; };
		3FE218481730C14B00CDF44B /* second.png in Resources */ = {isa = PBXBuildFile; fileRef = 3FE218471730C14B00CDF44B /* second.png */; };
		3FE2184A1730C14B00CDF44B /* second@2x.png in Resources */ = {isa = PBXBuildFile; fileRef = 3FE218491730C14B00CDF44B /* second@2x.png */; };
		3FE2184D1730C14B00CDF44B /* FirstViewController.xib in Resources */ = {isa = PBXBuildFile; fileRef = 3FE2184B1730C14B00CDF44B /* FirstViewController.xib */; };
		3FE218501730C14B00CDF44B /* SecondViewController.xib in Resources */ = {isa = PBXBuildFile; fileRef = 3FE2184E1730C14B00CDF44B /* SecondViewController.xib */; };
/* End PBXBuildFile section */

/* Begin PBXFileReference section */
		3FE218221730C14A00CDF44B /* FoodBudgeter.app */ = {isa = PBXFileReference; explicitFileType = wrapper.application; includeInIndex = 0; path = FoodBudgeter.app; sourceTree = BUILT_PRODUCTS_DIR; };
		3FE218251730C14A00CDF44B /* UIKit.framework */ = {isa = PBXFileReference; lastKnownFileType = wrapper.framework; name = UIKit.framework; path = System/Library/Frameworks/UIKit.framework; sourceTree = SDKROOT; };
		3FE218271730C14A00CDF44B /* Foundation.framework */ = {isa = PBXFileReference; lastKnownFileType = wrapper.framework; name = Foundation.framework; path = System/Library/Frameworks/Foundation.framework; sourceTree = SDKROOT; };
		3FE218291730C14A00CDF44B /* CoreGraphics.framework */ = {isa = PBXFileReference; lastKnownFileType = wrapper.framework; name = CoreGraphics.framework; path = System/Library/Frameworks/CoreGraphics.framework; sourceTree = SDKROOT; };
		3FE2182D1730C14A00CDF44B /* FoodBudgeter-Info.plist */ = {isa = PBXFileReference; lastKnownFileType = text.plist.xml; path = "FoodBudgeter-Info.plist"; sourceTree = "<group>"; };
		3FE2182F1730C14A00CDF44B /* en */ = {isa = PBXFileReference; lastKnownFileType = text.plist.strings; name = en; path = en.lproj/InfoPlist.strings; sourceTree = "<group>"; };
		3FE218311730C14A00CDF44B /* main.m */ = {isa = PBXFileReference; lastKnownFileType = sourcecode.c.objc; path = main.m; sourceTree = "<group>"; };
		3FE218331730C14A00CDF44B /* FoodBudgeter-Prefix.pch */ = {isa = PBXFileReference; lastKnownFileType = sourcecode.c.h; path = "FoodBudgeter-Prefix.pch"; sourceTree = "<group>"; };
		3FE218341730C14A00CDF44B /* AppDelegate.h */ = {isa = PBXFileReference; lastKnownFileType = sourcecode.c.h; path = AppDelegate.h; sourceTree = "<group>"; };
		3FE218351730C14A00CDF44B /* AppDelegate.m */ = {isa = PBXFileReference; lastKnownFileType = sourcecode.c.objc; path = AppDelegate.m; sourceTree = "<group>"; };
		3FE218371730C14B00CDF44B /* Default.png */ = {isa = PBXFileReference; lastKnownFileType = image.png; path = Default.png; sourceTree = "<group>"; };
		3FE218391730C14B00CDF44B /* Default@2x.png */ = {isa = PBXFileReference; lastKnownFileType = image.png; path = "Default@2x.png"; sourceTree = "<group>"; };
		3FE2183B1730C14B00CDF44B /* Default-568h@2x.png */ = {isa = PBXFileReference; lastKnownFileType = image.png; path = "Default-568h@2x.png"; sourceTree = "<group>"; };
		3FE2183D1730C14B00CDF44B /* FirstViewController.h */ = {isa = PBXFileReference; lastKnownFileType = sourcecode.c.h; path = FirstViewController.h; sourceTree = "<group>"; };
		3FE2183E1730C14B00CDF44B /* FirstViewController.m */ = {isa = PBXFileReference; lastKnownFileType = sourcecode.c.objc; path = FirstViewController.m; sourceTree = "<group>"; };
		3FE218401730C14B00CDF44B /* first.png */ = {isa = PBXFileReference; lastKnownFileType = image.png; path = first.png; sourceTree = "<group>"; };
		3FE218421730C14B00CDF44B /* first@2x.png */ = {isa = PBXFileReference; lastKnownFileType = image.png; path = "first@2x.png"; sourceTree = "<group>"; };
		3FE218441730C14B00CDF44B /* SecondViewController.h */ = {isa = PBXFileReference; lastKnownFileType = sourcecode.c.h; path = SecondViewController.h; sourceTree = "<group>"; };
		3FE218451730C14B00CDF44B /* SecondViewController.m */ = {isa = PBXFileReference; lastKnownFileType = sourcecode.c.objc; path = SecondViewController.m; sourceTree = "<group>"; };
		3FE218471730C14B00CDF44B /* second.png */ = {isa = PBXFileReference; lastKnownFileType = image.png; path = second.png; sourceTree = "<group>"; };
		3FE218491730C14B00CDF44B /* second@2x.png */ = {isa = PBXFileReference; lastKnownFileType = image.png; path = "second@2x.png"; sourceTree = "<group>"; };
		3FE2184C1730C14B00CDF44B /* en */ = {isa = PBXFileReference; lastKnownFileType = file.xib; name = en; path = en.lproj/FirstViewController.xib; sourceTree = "<group>"; };
		3FE2184F1730C14B00CDF44B /* en */ = {isa = PBXFileReference; lastKnownFileType = file.xib; name = en; path = en.lproj/SecondViewController.xib; sourceTree = "<group>"; };
/* End PBXFileReference section */

/* Begin PBXFrameworksBuildPhase section */
		3FE2181F1730C14A00CDF44B /* Frameworks */ = {
			isa = PBXFrameworksBuildPhase;
			buildActionMask = 2147483647;
			files = (
				3FE218261730C14A00CDF44B /* UIKit.framework in Frameworks */,
				3FE218281730C14A00CDF44B /* Foundation.framework in Frameworks */,
				3FE2182A1730C14A00CDF44B /* CoreGraphics.framework in Frameworks */,
			);
			runOnlyForDeploymentPostprocessing = 0;
		};
/* End PBXFrameworksBuildPhase section */

/* Begin PBXGroup section */
		3FE218191730C14A00CDF44B = {
			isa = PBXGroup;
			children = (
				3FE2182B1730C14A00CDF44B /* FoodBudgeter */,
				3FE218241730C14A00CDF44B /* Frameworks */,
				3FE218231730C14A00CDF44B /* Products */,
			);
			sourceTree = "<group>";
		};
		3FE218231730C14A00CDF44B /* Products */ = {
			isa = PBXGroup;
			children = (
				3FE218221730C14A00CDF44B /* FoodBudgeter.app */,
			);
			name = Products;
			sourceTree = "<group>";
		};
		3FE218241730C14A00CDF44B /* Frameworks */ = {
			isa = PBXGroup;
			children = (
				3FE218251730C14A00CDF44B /* UIKit.framework */,
				3FE218271730C14A00CDF44B /* Foundation.framework */,
				3FE218291730C14A00CDF44B /* CoreGraphics.framework */,
			);
			name = Frameworks;
			sourceTree = "<group>";
		};
		3FE2182B1730C14A00CDF44B /* FoodBudgeter */ = {
			isa = PBXGroup;
			children = (
				3FE218341730C14A00CDF44B /* AppDelegate.h */,
				3FE218351730C14A00CDF44B /* AppDelegate.m */,
				3FE2183D1730C14B00CDF44B /* FirstViewController.h */,
				3FE2183E1730C14B00CDF44B /* FirstViewController.m */,
				3FE218401730C14B00CDF44B /* first.png */,
				3FE218421730C14B00CDF44B /* first@2x.png */,
				3FE218441730C14B00CDF44B /* SecondViewController.h */,
				3FE218451730C14B00CDF44B /* SecondViewController.m */,
				3FE218471730C14B00CDF44B /* second.png */,
				3FE218491730C14B00CDF44B /* second@2x.png */,
				3FE2184B1730C14B00CDF44B /* FirstViewController.xib */,
				3FE2184E1730C14B00CDF44B /* SecondViewController.xib */,
				3FE2182C1730C14A00CDF44B /* Supporting Files */,
			);
			path = FoodBudgeter;
			sourceTree = "<group>";
		};
		3FE2182C1730C14A00CDF44B /* Supporting Files */ = {
			isa = PBXGroup;
			children = (
				3FE2182D1730C14A00CDF44B /* FoodBudgeter-Info.plist */,
				3FE2182E1730C14A00CDF44B /* InfoPlist.strings */,
				3FE218311730C14A00CDF44B /* main.m */,
				3FE218331730C14A00CDF44B /* FoodBudgeter-Prefix.pch */,
				3FE218371730C14B00CDF44B /* Default.png */,
				3FE218391730C14B00CDF44B /* Default@2x.png */,
				3FE2183B1730C14B00CDF44B /* Default-568h@2x.png */,
			);
			name = "Supporting Files";
			sourceTree = "<group>";
		};
/* End PBXGroup section */

/* Begin PBXNativeTarget section */
		3FE218211730C14A00CDF44B /* FoodBudgeter */ = {
			isa = PBXNativeTarget;
			buildConfigurationList = 3FE218531730C14B00CDF44B /* Build configuration list for PBXNativeTarget "FoodBudgeter" */;
			buildPhases = (
				3FE2181E1730C14A00CDF44B /* Sources */,
				3FE2181F1730C14A00CDF44B /* Frameworks */,
				3FE218201730C14A00CDF44B /* Resources */,
			);
			buildRules = (
			);
			dependencies = (
			);
			name = FoodBudgeter;
			productName = FoodBudgeter;
			productReference = 3FE218221730C14A00CDF44B /* FoodBudgeter.app */;
			productType = "com.apple.product-type.application";
		};
/* End PBXNativeTarget section */

/* Begin PBXProject section */
		3FE2181A1730C14A00CDF44B /* Project object */ = {
			isa = PBXProject;
			attributes = {
				LastUpgradeCheck = 0460;
				ORGANIZATIONNAME = "Tim Wong, Akia Vongdara";
			};
			buildConfigurationList = 3FE2181D1730C14A00CDF44B /* Build configuration list for PBXProject "FoodBudgeter" */;
			compatibilityVersion = "Xcode 3.2";
			developmentRegion = English;
			hasScannedForEncodings = 0;
			knownRegions = (
				en,
			);
			mainGroup = 3FE218191730C14A00CDF44B;
			productRefGroup = 3FE218231730C14A00CDF44B /* Products */;
			projectDirPath = "";
			projectRoot = "";
			targets = (
				3FE218211730C14A00CDF44B /* FoodBudgeter */,
			);
		};
/* End PBXProject section */

/* Begin PBXResourcesBuildPhase section */
		3FE218201730C14A00CDF44B /* Resources */ = {
			isa = PBXResourcesBuildPhase;
			buildActionMask = 2147483647;
			files = (
				3FE218301730C14A00CDF44B /* InfoPlist.strings in Resources */,
				3FE218381730C14B00CDF44B /* Default.png in Resources */,
				3FE2183A1730C14B00CDF44B /* Default@2x.png in Resources */,
				3FE2183C1730C14B00CDF44B /* Default-568h@2x.png in Resources */,
				3FE218411730C14B00CDF44B /* first.png in Resources */,
				3FE218431730C14B00CDF44B /* first@2x.png in Resources */,
				3FE218481730C14B00CDF44B /* second.png in Resources */,
				3FE2184A1730C14B00CDF44B /* second@2x.png in Resources */,
				3FE2184D1730C14B00CDF44B /* FirstViewController.xib in Resources */,
				3FE218501730C14B00CDF44B /* SecondViewController.xib in Resources */,
			);
			runOnlyForDeploymentPostprocessing = 0;
		};
/* End PBXResourcesBuildPhase section */

/* Begin PBXSourcesBuildPhase section */
		3FE2181E1730C14A00CDF44B /* Sources */ = {
			isa = PBXSourcesBuildPhase;
			buildActionMask = 2147483647;
			files = (
				3FE218321730C14A00CDF44B /* main.m in Sources */,
				3FE218361730C14A00CDF44B /* AppDelegate.m in Sources */,
				3FE2183F1730C14B00CDF44B /* FirstViewController.m in Sources */,
				3FE218461730C14B00CDF44B /* SecondViewController.m in Sources */,
			);
			runOnlyForDeploymentPostprocessing = 0;
		};
/* End PBXSourcesBuildPhase section */

/* Begin PBXVariantGroup section */
		3FE2182E1730C14A00CDF44B /* InfoPlist.strings */ = {
			isa = PBXVariantGroup;
			children = (
				3FE2182F1730C14A00CDF44B /* en */,
			);
			name = InfoPlist.strings;
			sourceTree = "<group>";
		};
		3FE2184B1730C14B00CDF44B /* FirstViewController.xib */ = {
			isa = PBXVariantGroup;
			children = (
				3FE2184C1730C14B00CDF44B /* en */,
			);
			name = FirstViewController.xib;
			sourceTree = "<group>";
		};
		3FE2184E1730C14B00CDF44B /* SecondViewController.xib */ = {
			isa = PBXVariantGroup;
			children = (
				3FE2184F1730C14B00CDF44B /* en */,
			);
			name = SecondViewController.xib;
			sourceTree = "<group>";
		};
/* End PBXVariantGroup section */

/* Begin XCBuildConfiguration section */
		3FE218511730C14B00CDF44B /* Debug */ = {
			isa = XCBuildConfiguration;
			buildSettings = {
				ALWAYS_SEARCH_USER_PATHS = NO;
				CLANG_CXX_LANGUAGE_STANDARD = "gnu++0x";
				CLANG_CXX_LIBRARY = "libc++";
				CLANG_ENABLE_OBJC_ARC = YES;
				CLANG_WARN_CONSTANT_CONVERSION = YES;
				CLANG_WARN_EMPTY_BODY = YES;
				CLANG_WARN_ENUM_CONVERSION = YES;
				CLANG_WARN_INT_CONVERSION = YES;
				CLANG_WARN__DUPLICATE_METHOD_MATCH = YES;
				"CODE_SIGN_IDENTITY[sdk=iphoneos*]" = "iPhone Developer";
				COPY_PHASE_STRIP = NO;
				GCC_C_LANGUAGE_STANDARD = gnu99;
				GCC_DYNAMIC_NO_PIC = NO;
				GCC_OPTIMIZATION_LEVEL = 0;
				GCC_PREPROCESSOR_DEFINITIONS = (
					"DEBUG=1",
					"$(inherited)",
				);
				GCC_SYMBOLS_PRIVATE_EXTERN = NO;
				GCC_WARN_ABOUT_RETURN_TYPE = YES;
				GCC_WARN_UNINITIALIZED_AUTOS = YES;
				GCC_WARN_UNUSED_VARIABLE = YES;
				IPHONEOS_DEPLOYMENT_TARGET = 6.1;
				ONLY_ACTIVE_ARCH = YES;
				SDKROOT = iphoneos;
			};
			name = Debug;
		};
		3FE218521730C14B00CDF44B /* Release */ = {
			isa = XCBuildConfiguration;
			buildSettings = {
				ALWAYS_SEARCH_USER_PATHS = NO;
				CLANG_CXX_LANGUAGE_STANDARD = "gnu++0x";
				CLANG_CXX_LIBRARY = "libc++";
				CLANG_ENABLE_OBJC_ARC = YES;
				CLANG_WARN_CONSTANT_CONVERSION = YES;
				CLANG_WARN_EMPTY_BODY = YES;
				CLANG_WARN_ENUM_CONVERSION = YES;
				CLANG_WARN_INT_CONVERSION = YES;
				CLANG_WARN__DUPLICATE_METHOD_MATCH = YES;
				"CODE_SIGN_IDENTITY[sdk=iphoneos*]" = "iPhone Developer";
				COPY_PHASE_STRIP = YES;
				GCC_C_LANGUAGE_STANDARD = gnu99;
				GCC_WARN_ABOUT_RETURN_TYPE = YES;
				GCC_WARN_UNINITIALIZED_AUTOS = YES;
				GCC_WARN_UNUSED_VARIABLE = YES;
				IPHONEOS_DEPLOYMENT_TARGET = 6.1;
				OTHER_CFLAGS = "-DNS_BLOCK_ASSERTIONS=1";
				SDKROOT = iphoneos;
				VALIDATE_PRODUCT = YES;
			};
			name = Release;
		};
		3FE218541730C14B00CDF44B /* Debug */ = {
			isa = XCBuildConfiguration;
			buildSettings = {
				GCC_PRECOMPILE_PREFIX_HEADER = YES;
				GCC_PREFIX_HEADER = "FoodBudgeter/FoodBudgeter-Prefix.pch";
				INFOPLIST_FILE = "FoodBudgeter/FoodBudgeter-Info.plist";
				PRODUCT_NAME = "$(TARGET_NAME)";
				WRAPPER_EXTENSION = app;
			};
			name = Debug;
		};
		3FE218551730C14B00CDF44B /* Release */ = {
			isa = XCBuildConfiguration;
			buildSettings = {
				GCC_PRECOMPILE_PREFIX_HEADER = YES;
				GCC_PREFIX_HEADER = "FoodBudgeter/FoodBudgeter-Prefix.pch";
				INFOPLIST_FILE = "FoodBudgeter/FoodBudgeter-Info.plist";
				PRODUCT_NAME = "$(TARGET_NAME)";
				WRAPPER_EXTENSION = app;
			};
			name = Release;
		};
/* End XCBuildConfiguration section */

/* Begin XCConfigurationList section */
		3FE2181D1730C14A00CDF44B /* Build configuration list for PBXProject "FoodBudgeter" */ = {
			isa = XCConfigurationList;
			buildConfigurations = (
				3FE218511730C14B00CDF44B /* Debug */,
				3FE218521730C14B00CDF44B /* Release */,
			);
			defaultConfigurationIsVisible = 0;
			defaultConfigurationName = Release;
		};
		3FE218531730C14B00CDF44B /* Build configuration list for PBXNativeTarget "FoodBudgeter" */ = {
			isa = XCConfigurationList;
			buildConfigurations = (
				3FE218541730C14B00CDF44B /* Debug */,
				3FE218551730C14B00CDF44B /* Release */,
			);
			defaultConfigurationIsVisible = 0;
		};
/* End XCConfigurationList section */
	};
	rootObject = 3FE2181A1730C14A00CDF44B /* Project object */;
}
