// !$*UTF8*$!
{
	archiveVersion = 1;
	classes = {
	};
	objectVersion = 46;
	objects = {

/* Begin PBXBuildFile section */
		3F09CC3B1739CBB200DA9AC3 /* ItemManager.m in Sources */ = {isa = PBXBuildFile; fileRef = 3F09CC3A1739CBB100DA9AC3 /* ItemManager.m */; };
		3F24B42B1732C5DA00A8068D /* libsqlite3.0.dylib in Frameworks */ = {isa = PBXBuildFile; fileRef = 3F24B4291732C5DA00A8068D /* libsqlite3.0.dylib */; };
		3F24B42C1732C5DA00A8068D /* libsqlite3.dylib in Frameworks */ = {isa = PBXBuildFile; fileRef = 3F24B42A1732C5DA00A8068D /* libsqlite3.dylib */; };
		3F24B4301732D2EA00A8068D /* FoodTableViewController.m in Sources */ = {isa = PBXBuildFile; fileRef = 3F24B42E1732D2EA00A8068D /* FoodTableViewController.m */; };
		3F24B4311732D2EA00A8068D /* FoodTableViewController.xib in Resources */ = {isa = PBXBuildFile; fileRef = 3F24B42F1732D2EA00A8068D /* FoodTableViewController.xib */; };
		3F24B4351732D30100A8068D /* FoodDetailTableViewController.m in Sources */ = {isa = PBXBuildFile; fileRef = 3F24B4331732D30100A8068D /* FoodDetailTableViewController.m */; };
		3F24B43E1732D62F00A8068D /* AddRecipe.png in Resources */ = {isa = PBXBuildFile; fileRef = 9C56A6B617311E550028C1C4 /* AddRecipe.png */; };
		3F24B44A1732D77F00A8068D /* UIKit.framework in Frameworks */ = {isa = PBXBuildFile; fileRef = 3FE218251730C14A00CDF44B /* UIKit.framework */; };
		3F24B44B1732D77F00A8068D /* Foundation.framework in Frameworks */ = {isa = PBXBuildFile; fileRef = 3FE218271730C14A00CDF44B /* Foundation.framework */; };
		3F24B4511732D77F00A8068D /* InfoPlist.strings in Resources */ = {isa = PBXBuildFile; fileRef = 3F24B44F1732D77F00A8068D /* InfoPlist.strings */; };
		3F67E9F9174423BB002F3791 /* eye.png in Resources */ = {isa = PBXBuildFile; fileRef = 3F67E9F8174423BB002F3791 /* eye.png */; };
		3F67E9FE17447283002F3791 /* BudgetControllerViewController.m in Sources */ = {isa = PBXBuildFile; fileRef = 3F67E9FC17447282002F3791 /* BudgetControllerViewController.m */; };
		3F67E9FF17447283002F3791 /* BudgetControllerViewController.xib in Resources */ = {isa = PBXBuildFile; fileRef = 3F67E9FD17447283002F3791 /* BudgetControllerViewController.xib */; };
		3F6A58B51735DFA100B80F09 /* GroceryItem.m in Sources */ = {isa = PBXBuildFile; fileRef = 3F6A58B41735DFA100B80F09 /* GroceryItem.m */; };
		3F6A58B81735E20B00B80F09 /* Ingredient.m in Sources */ = {isa = PBXBuildFile; fileRef = 3F6A58B71735E20B00B80F09 /* Ingredient.m */; };
		3F6A58BB1735E44B00B80F09 /* RecipeItem.m in Sources */ = {isa = PBXBuildFile; fileRef = 3F6A58BA1735E44B00B80F09 /* RecipeItem.m */; };
		3F6A58BE1735E45B00B80F09 /* PurchasedItem.m in Sources */ = {isa = PBXBuildFile; fileRef = 3F6A58BD1735E45B00B80F09 /* PurchasedItem.m */; };
		3F787DE0173963D40073E0C0 /* Item.m in Sources */ = {isa = PBXBuildFile; fileRef = 3F787DDF173963D40073E0C0 /* Item.m */; };
		3F787DE3173964130073E0C0 /* RemoveItemCommand.m in Sources */ = {isa = PBXBuildFile; fileRef = 3F787DE2173964120073E0C0 /* RemoveItemCommand.m */; };
		3F806E9C17419DF900FF71F3 /* ItemModelTest.m in Sources */ = {isa = PBXBuildFile; fileRef = 3F806E9B17419DF900FF71F3 /* ItemModelTest.m */; };
		3F821470173468DA00D1E292 /* DBManager.m in Sources */ = {isa = PBXBuildFile; fileRef = 3F82146F173468DA00D1E292 /* DBManager.m */; };
		3FBA03F317430CDB00EFD4E4 /* IngredientsTableViewController.m in Sources */ = {isa = PBXBuildFile; fileRef = 3FBA03F117430CDB00EFD4E4 /* IngredientsTableViewController.m */; };
		3FBA03F417430CDB00EFD4E4 /* IngredientsTableViewController.xib in Resources */ = {isa = PBXBuildFile; fileRef = 3FBA03F217430CDB00EFD4E4 /* IngredientsTableViewController.xib */; };
		3FBA03F817430D9700EFD4E4 /* GroceryTableViewController.m in Sources */ = {isa = PBXBuildFile; fileRef = 3FBA03F617430D9700EFD4E4 /* GroceryTableViewController.m */; };
		3FBA03F917430D9700EFD4E4 /* GroceryTableViewController.xib in Resources */ = {isa = PBXBuildFile; fileRef = 3FBA03F717430D9700EFD4E4 /* GroceryTableViewController.xib */; };
		3FBA04001743135700EFD4E4 /* IngredientDetailViewController.m in Sources */ = {isa = PBXBuildFile; fileRef = 3FBA03FE1743135700EFD4E4 /* IngredientDetailViewController.m */; };
		3FBA04011743135700EFD4E4 /* IngredientDetailViewController.xib in Resources */ = {isa = PBXBuildFile; fileRef = 3FBA03FF1743135700EFD4E4 /* IngredientDetailViewController.xib */; };
		3FE218261730C14A00CDF44B /* UIKit.framework in Frameworks */ = {isa = PBXBuildFile; fileRef = 3FE218251730C14A00CDF44B /* UIKit.framework */; };
		3FE218281730C14A00CDF44B /* Foundation.framework in Frameworks */ = {isa = PBXBuildFile; fileRef = 3FE218271730C14A00CDF44B /* Foundation.framework */; };
		3FE2182A1730C14A00CDF44B /* CoreGraphics.framework in Frameworks */ = {isa = PBXBuildFile; fileRef = 3FE218291730C14A00CDF44B /* CoreGraphics.framework */; };
		3FE218301730C14A00CDF44B /* InfoPlist.strings in Resources */ = {isa = PBXBuildFile; fileRef = 3FE2182E1730C14A00CDF44B /* InfoPlist.strings */; };
		3FE218321730C14A00CDF44B /* main.m in Sources */ = {isa = PBXBuildFile; fileRef = 3FE218311730C14A00CDF44B /* main.m */; };
		3FE218361730C14A00CDF44B /* AppDelegate.m in Sources */ = {isa = PBXBuildFile; fileRef = 3FE218351730C14A00CDF44B /* AppDelegate.m */; };
		3FE218381730C14B00CDF44B /* Default.png in Resources */ = {isa = PBXBuildFile; fileRef = 3FE218371730C14B00CDF44B /* Default.png */; };
		3FE2183A1730C14B00CDF44B /* Default@2x.png in Resources */ = {isa = PBXBuildFile; fileRef = 3FE218391730C14B00CDF44B /* Default@2x.png */; };
		3FE2183C1730C14B00CDF44B /* Default-568h@2x.png in Resources */ = {isa = PBXBuildFile; fileRef = 3FE2183B1730C14B00CDF44B /* Default-568h@2x.png */; };
		3FE218411730C14B00CDF44B /* first.png in Resources */ = {isa = PBXBuildFile; fileRef = 3FE218401730C14B00CDF44B /* first.png */; };
		3FE218431730C14B00CDF44B /* first@2x.png in Resources */ = {isa = PBXBuildFile; fileRef = 3FE218421730C14B00CDF44B /* first@2x.png */; };
		3FE218481730C14B00CDF44B /* second.png in Resources */ = {isa = PBXBuildFile; fileRef = 3FE218471730C14B00CDF44B /* second.png */; };
		3FE2184A1730C14B00CDF44B /* second@2x.png in Resources */ = {isa = PBXBuildFile; fileRef = 3FE218491730C14B00CDF44B /* second@2x.png */; };
		3FEFCBE91737FFB8005B0DA5 /* QueryCommand.m in Sources */ = {isa = PBXBuildFile; fileRef = 3FEFCBE81737FFB8005B0DA5 /* QueryCommand.m */; };
		9C56A6BB17311E550028C1C4 /* LogFoodViewController.m in Sources */ = {isa = PBXBuildFile; fileRef = 9C56A6B817311E550028C1C4 /* LogFoodViewController.m */; };
		9C56A6BC17311E550028C1C4 /* LogFoodViewController.xib in Resources */ = {isa = PBXBuildFile; fileRef = 9C56A6B917311E550028C1C4 /* LogFoodViewController.xib */; };
/* End PBXBuildFile section */

/* Begin PBXContainerItemProxy section */
		3F24B4591732D78B00A8068D /* PBXContainerItemProxy */ = {
			isa = PBXContainerItemProxy;
			containerPortal = 3FE2181A1730C14A00CDF44B /* Project object */;
			proxyType = 1;
			remoteGlobalIDString = 3FE218211730C14A00CDF44B;
			remoteInfo = FoodBudgeter;
		};
/* End PBXContainerItemProxy section */

/* Begin PBXFileReference section */
		3F09CC391739CBB100DA9AC3 /* ItemManager.h */ = {isa = PBXFileReference; fileEncoding = 4; lastKnownFileType = sourcecode.c.h; path = ItemManager.h; sourceTree = "<group>"; };
		3F09CC3A1739CBB100DA9AC3 /* ItemManager.m */ = {isa = PBXFileReference; fileEncoding = 4; lastKnownFileType = sourcecode.c.objc; path = ItemManager.m; sourceTree = "<group>"; };
		3F24B4291732C5DA00A8068D /* libsqlite3.0.dylib */ = {isa = PBXFileReference; lastKnownFileType = "compiled.mach-o.dylib"; name = libsqlite3.0.dylib; path = usr/lib/libsqlite3.0.dylib; sourceTree = SDKROOT; };
		3F24B42A1732C5DA00A8068D /* libsqlite3.dylib */ = {isa = PBXFileReference; lastKnownFileType = "compiled.mach-o.dylib"; name = libsqlite3.dylib; path = usr/lib/libsqlite3.dylib; sourceTree = SDKROOT; };
		3F24B42D1732D2EA00A8068D /* FoodTableViewController.h */ = {isa = PBXFileReference; fileEncoding = 4; lastKnownFileType = sourcecode.c.h; path = FoodTableViewController.h; sourceTree = "<group>"; };
		3F24B42E1732D2EA00A8068D /* FoodTableViewController.m */ = {isa = PBXFileReference; fileEncoding = 4; lastKnownFileType = sourcecode.c.objc; path = FoodTableViewController.m; sourceTree = "<group>"; };
		3F24B42F1732D2EA00A8068D /* FoodTableViewController.xib */ = {isa = PBXFileReference; fileEncoding = 4; lastKnownFileType = file.xib; path = FoodTableViewController.xib; sourceTree = "<group>"; };
		3F24B4321732D30100A8068D /* FoodDetailTableViewController.h */ = {isa = PBXFileReference; fileEncoding = 4; lastKnownFileType = sourcecode.c.h; path = FoodDetailTableViewController.h; sourceTree = "<group>"; };
		3F24B4331732D30100A8068D /* FoodDetailTableViewController.m */ = {isa = PBXFileReference; fileEncoding = 4; lastKnownFileType = sourcecode.c.objc; path = FoodDetailTableViewController.m; sourceTree = "<group>"; };
		3F24B4411732D70800A8068D /* CoreData.framework */ = {isa = PBXFileReference; lastKnownFileType = wrapper.framework; name = CoreData.framework; path = System/Library/Frameworks/CoreData.framework; sourceTree = SDKROOT; };
		3F24B4481732D77F00A8068D /* DatabaseTest.xctest */ = {isa = PBXFileReference; explicitFileType = wrapper.cfbundle; includeInIndex = 0; path = DatabaseTest.xctest; sourceTree = BUILT_PRODUCTS_DIR; };
		3F24B44E1732D77F00A8068D /* DatabaseTest-Info.plist */ = {isa = PBXFileReference; lastKnownFileType = text.plist.xml; path = "DatabaseTest-Info.plist"; sourceTree = "<group>"; };
		3F24B4501732D77F00A8068D /* en */ = {isa = PBXFileReference; lastKnownFileType = text.plist.strings; name = en; path = en.lproj/InfoPlist.strings; sourceTree = "<group>"; };
		3F24B4521732D77F00A8068D /* DatabaseTest.h */ = {isa = PBXFileReference; lastKnownFileType = sourcecode.c.h; path = DatabaseTest.h; sourceTree = "<group>"; };
		3F24B4531732D77F00A8068D /* DatabaseTest.m */ = {isa = PBXFileReference; lastKnownFileType = sourcecode.c.objc; path = DatabaseTest.m; sourceTree = "<group>"; };
		3F24B4551732D77F00A8068D /* DatabaseTest-Prefix.pch */ = {isa = PBXFileReference; lastKnownFileType = sourcecode.c.h; path = "DatabaseTest-Prefix.pch"; sourceTree = "<group>"; };
		3F67E9F8174423BB002F3791 /* eye.png */ = {isa = PBXFileReference; lastKnownFileType = image.png; path = eye.png; sourceTree = "<group>"; };
		3F67E9FB17447282002F3791 /* BudgetControllerViewController.h */ = {isa = PBXFileReference; fileEncoding = 4; lastKnownFileType = sourcecode.c.h; path = BudgetControllerViewController.h; sourceTree = "<group>"; };
		3F67E9FC17447282002F3791 /* BudgetControllerViewController.m */ = {isa = PBXFileReference; fileEncoding = 4; lastKnownFileType = sourcecode.c.objc; path = BudgetControllerViewController.m; sourceTree = "<group>"; };
		3F67E9FD17447283002F3791 /* BudgetControllerViewController.xib */ = {isa = PBXFileReference; fileEncoding = 4; lastKnownFileType = file.xib; path = BudgetControllerViewController.xib; sourceTree = "<group>"; };
		3F6A58B31735DFA100B80F09 /* GroceryItem.h */ = {isa = PBXFileReference; fileEncoding = 4; lastKnownFileType = sourcecode.c.h; path = GroceryItem.h; sourceTree = "<group>"; };
		3F6A58B41735DFA100B80F09 /* GroceryItem.m */ = {isa = PBXFileReference; fileEncoding = 4; lastKnownFileType = sourcecode.c.objc; path = GroceryItem.m; sourceTree = "<group>"; };
		3F6A58B61735E20B00B80F09 /* Ingredient.h */ = {isa = PBXFileReference; fileEncoding = 4; lastKnownFileType = sourcecode.c.h; path = Ingredient.h; sourceTree = "<group>"; };
		3F6A58B71735E20B00B80F09 /* Ingredient.m */ = {isa = PBXFileReference; fileEncoding = 4; lastKnownFileType = sourcecode.c.objc; path = Ingredient.m; sourceTree = "<group>"; };
		3F6A58B91735E44B00B80F09 /* RecipeItem.h */ = {isa = PBXFileReference; fileEncoding = 4; lastKnownFileType = sourcecode.c.h; path = RecipeItem.h; sourceTree = "<group>"; };
		3F6A58BA1735E44B00B80F09 /* RecipeItem.m */ = {isa = PBXFileReference; fileEncoding = 4; lastKnownFileType = sourcecode.c.objc; path = RecipeItem.m; sourceTree = "<group>"; };
		3F6A58BC1735E45B00B80F09 /* PurchasedItem.h */ = {isa = PBXFileReference; fileEncoding = 4; lastKnownFileType = sourcecode.c.h; path = PurchasedItem.h; sourceTree = "<group>"; };
		3F6A58BD1735E45B00B80F09 /* PurchasedItem.m */ = {isa = PBXFileReference; fileEncoding = 4; lastKnownFileType = sourcecode.c.objc; path = PurchasedItem.m; sourceTree = "<group>"; };
		3F787DDE173963D40073E0C0 /* Item.h */ = {isa = PBXFileReference; fileEncoding = 4; lastKnownFileType = sourcecode.c.h; path = Item.h; sourceTree = "<group>"; };
		3F787DDF173963D40073E0C0 /* Item.m */ = {isa = PBXFileReference; fileEncoding = 4; lastKnownFileType = sourcecode.c.objc; path = Item.m; sourceTree = "<group>"; };
		3F787DE1173964120073E0C0 /* RemoveItemCommand.h */ = {isa = PBXFileReference; fileEncoding = 4; lastKnownFileType = sourcecode.c.h; path = RemoveItemCommand.h; sourceTree = "<group>"; };
		3F787DE2173964120073E0C0 /* RemoveItemCommand.m */ = {isa = PBXFileReference; fileEncoding = 4; lastKnownFileType = sourcecode.c.objc; path = RemoveItemCommand.m; sourceTree = "<group>"; };
		3F806E9A17419DF900FF71F3 /* ItemModelTest.h */ = {isa = PBXFileReference; fileEncoding = 4; lastKnownFileType = sourcecode.c.h; path = ItemModelTest.h; sourceTree = "<group>"; };
		3F806E9B17419DF900FF71F3 /* ItemModelTest.m */ = {isa = PBXFileReference; fileEncoding = 4; lastKnownFileType = sourcecode.c.objc; path = ItemModelTest.m; sourceTree = "<group>"; };
		3F82146E173468DA00D1E292 /* DBManager.h */ = {isa = PBXFileReference; fileEncoding = 4; lastKnownFileType = sourcecode.c.h; path = DBManager.h; sourceTree = "<group>"; };
		3F82146F173468DA00D1E292 /* DBManager.m */ = {isa = PBXFileReference; fileEncoding = 4; lastKnownFileType = sourcecode.c.objc; path = DBManager.m; sourceTree = "<group>"; };
		3FBA03F017430CDB00EFD4E4 /* IngredientsTableViewController.h */ = {isa = PBXFileReference; fileEncoding = 4; lastKnownFileType = sourcecode.c.h; name = IngredientsTableViewController.h; path = ../IngredientsTableViewController.h; sourceTree = "<group>"; };
		3FBA03F117430CDB00EFD4E4 /* IngredientsTableViewController.m */ = {isa = PBXFileReference; fileEncoding = 4; lastKnownFileType = sourcecode.c.objc; name = IngredientsTableViewController.m; path = ../IngredientsTableViewController.m; sourceTree = "<group>"; };
		3FBA03F217430CDB00EFD4E4 /* IngredientsTableViewController.xib */ = {isa = PBXFileReference; fileEncoding = 4; lastKnownFileType = file.xib; name = IngredientsTableViewController.xib; path = ../IngredientsTableViewController.xib; sourceTree = "<group>"; };
		3FBA03F517430D9700EFD4E4 /* GroceryTableViewController.h */ = {isa = PBXFileReference; fileEncoding = 4; lastKnownFileType = sourcecode.c.h; path = GroceryTableViewController.h; sourceTree = "<group>"; };
		3FBA03F617430D9700EFD4E4 /* GroceryTableViewController.m */ = {isa = PBXFileReference; fileEncoding = 4; lastKnownFileType = sourcecode.c.objc; path = GroceryTableViewController.m; sourceTree = "<group>"; };
		3FBA03F717430D9700EFD4E4 /* GroceryTableViewController.xib */ = {isa = PBXFileReference; fileEncoding = 4; lastKnownFileType = file.xib; path = GroceryTableViewController.xib; sourceTree = "<group>"; };
		3FBA03FD1743135700EFD4E4 /* IngredientDetailViewController.h */ = {isa = PBXFileReference; fileEncoding = 4; lastKnownFileType = sourcecode.c.h; name = IngredientDetailViewController.h; path = ../IngredientDetailViewController.h; sourceTree = "<group>"; };
		3FBA03FE1743135700EFD4E4 /* IngredientDetailViewController.m */ = {isa = PBXFileReference; fileEncoding = 4; lastKnownFileType = sourcecode.c.objc; name = IngredientDetailViewController.m; path = ../IngredientDetailViewController.m; sourceTree = "<group>"; };
		3FBA03FF1743135700EFD4E4 /* IngredientDetailViewController.xib */ = {isa = PBXFileReference; fileEncoding = 4; lastKnownFileType = file.xib; name = IngredientDetailViewController.xib; path = ../IngredientDetailViewController.xib; sourceTree = "<group>"; };
		3FE218221730C14A00CDF44B /* FoodBudgeter.app */ = {isa = PBXFileReference; explicitFileType = wrapper.application; includeInIndex = 0; path = FoodBudgeter.app; sourceTree = BUILT_PRODUCTS_DIR; };
		3FE218251730C14A00CDF44B /* UIKit.framework */ = {isa = PBXFileReference; lastKnownFileType = wrapper.framework; name = UIKit.framework; path = System/Library/Frameworks/UIKit.framework; sourceTree = SDKROOT; };
		3FE218271730C14A00CDF44B /* Foundation.framework */ = {isa = PBXFileReference; lastKnownFileType = wrapper.framework; name = Foundation.framework; path = System/Library/Frameworks/Foundation.framework; sourceTree = SDKROOT; };
		3FE218291730C14A00CDF44B /* CoreGraphics.framework */ = {isa = PBXFileReference; lastKnownFileType = wrapper.framework; name = CoreGraphics.framework; path = System/Library/Frameworks/CoreGraphics.framework; sourceTree = SDKROOT; };
		3FE2182D1730C14A00CDF44B /* FoodBudgeter-Info.plist */ = {isa = PBXFileReference; lastKnownFileType = text.plist.xml; path = "FoodBudgeter-Info.plist"; sourceTree = "<group>"; };
		3FE2182F1730C14A00CDF44B /* en */ = {isa = PBXFileReference; lastKnownFileType = text.plist.strings; name = en; path = en.lproj/InfoPlist.strings; sourceTree = "<group>"; };
		3FE218311730C14A00CDF44B /* main.m */ = {isa = PBXFileReference; lastKnownFileType = sourcecode.c.objc; path = main.m; sourceTree = "<group>"; };
		3FE218331730C14A00CDF44B /* FoodBudgeter-Prefix.pch */ = {isa = PBXFileReference; lastKnownFileType = sourcecode.c.h; path = "FoodBudgeter-Prefix.pch"; sourceTree = "<group>"; };
		3FE218341730C14A00CDF44B /* AppDelegate.h */ = {isa = PBXFileReference; lastKnownFileType = sourcecode.c.h; path = AppDelegate.h; sourceTree = "<group>"; };
		3FE218351730C14A00CDF44B /* AppDelegate.m */ = {isa = PBXFileReference; lastKnownFileType = sourcecode.c.objc; path = AppDelegate.m; sourceTree = "<group>"; };
		3FE218371730C14B00CDF44B /* Default.png */ = {isa = PBXFileReference; lastKnownFileType = image.png; path = Default.png; sourceTree = "<group>"; };
		3FE218391730C14B00CDF44B /* Default@2x.png */ = {isa = PBXFileReference; lastKnownFileType = image.png; path = "Default@2x.png"; sourceTree = "<group>"; };
		3FE2183B1730C14B00CDF44B /* Default-568h@2x.png */ = {isa = PBXFileReference; lastKnownFileType = image.png; path = "Default-568h@2x.png"; sourceTree = "<group>"; };
		3FE218401730C14B00CDF44B /* first.png */ = {isa = PBXFileReference; lastKnownFileType = image.png; path = first.png; sourceTree = "<group>"; };
		3FE218421730C14B00CDF44B /* first@2x.png */ = {isa = PBXFileReference; lastKnownFileType = image.png; path = "first@2x.png"; sourceTree = "<group>"; };
		3FE218471730C14B00CDF44B /* second.png */ = {isa = PBXFileReference; lastKnownFileType = image.png; path = second.png; sourceTree = "<group>"; };
		3FE218491730C14B00CDF44B /* second@2x.png */ = {isa = PBXFileReference; lastKnownFileType = image.png; path = "second@2x.png"; sourceTree = "<group>"; };
		3FEFCBE71737FFB8005B0DA5 /* QueryCommand.h */ = {isa = PBXFileReference; fileEncoding = 4; lastKnownFileType = sourcecode.c.h; path = QueryCommand.h; sourceTree = "<group>"; };
		3FEFCBE81737FFB8005B0DA5 /* QueryCommand.m */ = {isa = PBXFileReference; fileEncoding = 4; lastKnownFileType = sourcecode.c.objc; path = QueryCommand.m; sourceTree = "<group>"; };
		9C56A6B617311E550028C1C4 /* AddRecipe.png */ = {isa = PBXFileReference; lastKnownFileType = image.png; name = AddRecipe.png; path = ../AddRecipe.png; sourceTree = "<group>"; };
		9C56A6B717311E550028C1C4 /* LogFoodViewController.h */ = {isa = PBXFileReference; fileEncoding = 4; lastKnownFileType = sourcecode.c.h; name = LogFoodViewController.h; path = ../LogFoodViewController.h; sourceTree = "<group>"; };
		9C56A6B817311E550028C1C4 /* LogFoodViewController.m */ = {isa = PBXFileReference; fileEncoding = 4; lastKnownFileType = sourcecode.c.objc; name = LogFoodViewController.m; path = ../LogFoodViewController.m; sourceTree = "<group>"; };
		9C56A6B917311E550028C1C4 /* LogFoodViewController.xib */ = {isa = PBXFileReference; fileEncoding = 4; lastKnownFileType = file.xib; name = LogFoodViewController.xib; path = ../LogFoodViewController.xib; sourceTree = "<group>"; };
/* End PBXFileReference section */

/* Begin PBXFrameworksBuildPhase section */
		3F24B4441732D77F00A8068D /* Frameworks */ = {
			isa = PBXFrameworksBuildPhase;
			buildActionMask = 2147483647;
			files = (
				3F24B44A1732D77F00A8068D /* UIKit.framework in Frameworks */,
				3F24B44B1732D77F00A8068D /* Foundation.framework in Frameworks */,
			);
			runOnlyForDeploymentPostprocessing = 0;
		};
		3FE2181F1730C14A00CDF44B /* Frameworks */ = {
			isa = PBXFrameworksBuildPhase;
			buildActionMask = 2147483647;
			files = (
				3F24B42B1732C5DA00A8068D /* libsqlite3.0.dylib in Frameworks */,
				3F24B42C1732C5DA00A8068D /* libsqlite3.dylib in Frameworks */,
				3FE218261730C14A00CDF44B /* UIKit.framework in Frameworks */,
				3FE218281730C14A00CDF44B /* Foundation.framework in Frameworks */,
				3FE2182A1730C14A00CDF44B /* CoreGraphics.framework in Frameworks */,
			);
			runOnlyForDeploymentPostprocessing = 0;
		};
/* End PBXFrameworksBuildPhase section */

/* Begin PBXGroup section */
		3F24B4281732C4FB00A8068D /* img */ = {
			isa = PBXGroup;
			children = (
				3F67E9F8174423BB002F3791 /* eye.png */,
				9C56A6B617311E550028C1C4 /* AddRecipe.png */,
				3FE218401730C14B00CDF44B /* first.png */,
				3FE218421730C14B00CDF44B /* first@2x.png */,
				3FE218471730C14B00CDF44B /* second.png */,
				3FE218491730C14B00CDF44B /* second@2x.png */,
			);
			name = img;
			sourceTree = "<group>";
		};
		3F24B44C1732D77F00A8068D /* DatabaseTest */ = {
			isa = PBXGroup;
			children = (
				3F24B4521732D77F00A8068D /* DatabaseTest.h */,
				3F24B4531732D77F00A8068D /* DatabaseTest.m */,
				3F806E9A17419DF900FF71F3 /* ItemModelTest.h */,
				3F806E9B17419DF900FF71F3 /* ItemModelTest.m */,
				3F24B44D1732D77F00A8068D /* Supporting Files */,
			);
			path = DatabaseTest;
			sourceTree = "<group>";
		};
		3F24B44D1732D77F00A8068D /* Supporting Files */ = {
			isa = PBXGroup;
			children = (
				3F24B44E1732D77F00A8068D /* DatabaseTest-Info.plist */,
				3F24B44F1732D77F00A8068D /* InfoPlist.strings */,
				3F24B4551732D77F00A8068D /* DatabaseTest-Prefix.pch */,
			);
			name = "Supporting Files";
			sourceTree = "<group>";
		};
		3FE218191730C14A00CDF44B = {
			isa = PBXGroup;
			children = (
				3FE2182B1730C14A00CDF44B /* FoodBudgeter */,
				3F24B44C1732D77F00A8068D /* DatabaseTest */,
				3FE218241730C14A00CDF44B /* Frameworks */,
				3FE218231730C14A00CDF44B /* Products */,
			);
			sourceTree = "<group>";
		};
		3FE218231730C14A00CDF44B /* Products */ = {
			isa = PBXGroup;
			children = (
				3FE218221730C14A00CDF44B /* FoodBudgeter.app */,
				3F24B4481732D77F00A8068D /* DatabaseTest.xctest */,
			);
			name = Products;
			sourceTree = "<group>";
		};
		3FE218241730C14A00CDF44B /* Frameworks */ = {
			isa = PBXGroup;
			children = (
				3F24B4411732D70800A8068D /* CoreData.framework */,
				3FE218251730C14A00CDF44B /* UIKit.framework */,
				3FE218271730C14A00CDF44B /* Foundation.framework */,
				3FE218291730C14A00CDF44B /* CoreGraphics.framework */,
			);
			name = Frameworks;
			sourceTree = "<group>";
		};
		3FE2182B1730C14A00CDF44B /* FoodBudgeter */ = {
			isa = PBXGroup;
			children = (
				3FE218571730C18000CDF44B /* delegate */,
				3FEFCBE61737FD84005B0DA5 /* model */,
				3FE218591730C18800CDF44B /* view */,
				3FE218561730C17800CDF44B /* controller */,
				3F24B4281732C4FB00A8068D /* img */,
				3FE2182C1730C14A00CDF44B /* Supporting Files */,
			);
			path = FoodBudgeter;
			sourceTree = "<group>";
		};
		3FE2182C1730C14A00CDF44B /* Supporting Files */ = {
			isa = PBXGroup;
			children = (
				3F24B4291732C5DA00A8068D /* libsqlite3.0.dylib */,
				3F24B42A1732C5DA00A8068D /* libsqlite3.dylib */,
				3FE2182D1730C14A00CDF44B /* FoodBudgeter-Info.plist */,
				3FE2182E1730C14A00CDF44B /* InfoPlist.strings */,
				3FE218311730C14A00CDF44B /* main.m */,
				3FE218331730C14A00CDF44B /* FoodBudgeter-Prefix.pch */,
				3FE218371730C14B00CDF44B /* Default.png */,
				3FE218391730C14B00CDF44B /* Default@2x.png */,
				3FE2183B1730C14B00CDF44B /* Default-568h@2x.png */,
			);
			name = "Supporting Files";
			sourceTree = "<group>";
		};
		3FE218561730C17800CDF44B /* controller */ = {
			isa = PBXGroup;
			children = (
				3FBA03FD1743135700EFD4E4 /* IngredientDetailViewController.h */,
				3FBA03FE1743135700EFD4E4 /* IngredientDetailViewController.m */,
				9C56A6B717311E550028C1C4 /* LogFoodViewController.h */,
				9C56A6B817311E550028C1C4 /* LogFoodViewController.m */,
				3FBA03F517430D9700EFD4E4 /* GroceryTableViewController.h */,
				3FBA03F617430D9700EFD4E4 /* GroceryTableViewController.m */,
				3FBA03F017430CDB00EFD4E4 /* IngredientsTableViewController.h */,
				3FBA03F117430CDB00EFD4E4 /* IngredientsTableViewController.m */,
				3F24B42D1732D2EA00A8068D /* FoodTableViewController.h */,
				3F24B42E1732D2EA00A8068D /* FoodTableViewController.m */,
				3F24B4321732D30100A8068D /* FoodDetailTableViewController.h */,
				3F24B4331732D30100A8068D /* FoodDetailTableViewController.m */,
				3FEFCBE71737FFB8005B0DA5 /* QueryCommand.h */,
				3FEFCBE81737FFB8005B0DA5 /* QueryCommand.m */,
				3F787DE1173964120073E0C0 /* RemoveItemCommand.h */,
				3F787DE2173964120073E0C0 /* RemoveItemCommand.m */,
				3F67E9FB17447282002F3791 /* BudgetControllerViewController.h */,
				3F67E9FC17447282002F3791 /* BudgetControllerViewController.m */,
			);
			name = controller;
			sourceTree = "<group>";
		};
		3FE218571730C18000CDF44B /* delegate */ = {
			isa = PBXGroup;
			children = (
				3FE218341730C14A00CDF44B /* AppDelegate.h */,
				3FE218351730C14A00CDF44B /* AppDelegate.m */,
				3F82146E173468DA00D1E292 /* DBManager.h */,
				3F82146F173468DA00D1E292 /* DBManager.m */,
				3F09CC391739CBB100DA9AC3 /* ItemManager.h */,
				3F09CC3A1739CBB100DA9AC3 /* ItemManager.m */,
			);
			name = delegate;
			sourceTree = "<group>";
		};
		3FE218591730C18800CDF44B /* view */ = {
			isa = PBXGroup;
			children = (
				9C56A6B917311E550028C1C4 /* LogFoodViewController.xib */,
				3F24B42F1732D2EA00A8068D /* FoodTableViewController.xib */,
				3FBA03F217430CDB00EFD4E4 /* IngredientsTableViewController.xib */,
				3FBA03F717430D9700EFD4E4 /* GroceryTableViewController.xib */,
				3FBA03FF1743135700EFD4E4 /* IngredientDetailViewController.xib */,
				3F67E9FD17447283002F3791 /* BudgetControllerViewController.xib */,
			);
			name = view;
			sourceTree = "<group>";
		};
		3FEFCBE61737FD84005B0DA5 /* model */ = {
			isa = PBXGroup;
			children = (
				3F787DDE173963D40073E0C0 /* Item.h */,
				3F787DDF173963D40073E0C0 /* Item.m */,
				3F6A58B91735E44B00B80F09 /* RecipeItem.h */,
				3F6A58BA1735E44B00B80F09 /* RecipeItem.m */,
				3F6A58BC1735E45B00B80F09 /* PurchasedItem.h */,
				3F6A58BD1735E45B00B80F09 /* PurchasedItem.m */,
				3F6A58B31735DFA100B80F09 /* GroceryItem.h */,
				3F6A58B41735DFA100B80F09 /* GroceryItem.m */,
				3F6A58B61735E20B00B80F09 /* Ingredient.h */,
				3F6A58B71735E20B00B80F09 /* Ingredient.m */,
			);
			name = model;
			sourceTree = "<group>";
		};
/* End PBXGroup section */

/* Begin PBXNativeTarget section */
		3F24B4471732D77F00A8068D /* DatabaseTest */ = {
			isa = PBXNativeTarget;
			buildConfigurationList = 3F24B4561732D77F00A8068D /* Build configuration list for PBXNativeTarget "DatabaseTest" */;
			buildPhases = (
				3F24B4431732D77F00A8068D /* Sources */,
				3F24B4441732D77F00A8068D /* Frameworks */,
				3F24B4451732D77F00A8068D /* Resources */,
				3F24B4461732D77F00A8068D /* ShellScript */,
			);
			buildRules = (
			);
			dependencies = (
				3F24B45A1732D78B00A8068D /* PBXTargetDependency */,
			);
			name = DatabaseTest;
			productName = DatabaseTest;
			productReference = 3F24B4481732D77F00A8068D /* DatabaseTest.xctest */;
			productType = "com.apple.product-type.bundle.unit-test";
		};
		3FE218211730C14A00CDF44B /* FoodBudgeter */ = {
			isa = PBXNativeTarget;
			buildConfigurationList = 3FE218531730C14B00CDF44B /* Build configuration list for PBXNativeTarget "FoodBudgeter" */;
			buildPhases = (
				3FE2181E1730C14A00CDF44B /* Sources */,
				3FE2181F1730C14A00CDF44B /* Frameworks */,
				3FE218201730C14A00CDF44B /* Resources */,
			);
			buildRules = (
			);
			dependencies = (
			);
			name = FoodBudgeter;
			productName = FoodBudgeter;
			productReference = 3FE218221730C14A00CDF44B /* FoodBudgeter.app */;
			productType = "com.apple.product-type.application";
		};
/* End PBXNativeTarget section */

/* Begin PBXProject section */
		3FE2181A1730C14A00CDF44B /* Project object */ = {
			isa = PBXProject;
			attributes = {
				LastTestingUpgradeCheck = 0510;
				LastUpgradeCheck = 0460;
				ORGANIZATIONNAME = "Tim Wong, Akia Vongdara";
			};
			buildConfigurationList = 3FE2181D1730C14A00CDF44B /* Build configuration list for PBXProject "FoodBudgeter" */;
			compatibilityVersion = "Xcode 3.2";
			developmentRegion = English;
			hasScannedForEncodings = 0;
			knownRegions = (
				en,
			);
			mainGroup = 3FE218191730C14A00CDF44B;
			productRefGroup = 3FE218231730C14A00CDF44B /* Products */;
			projectDirPath = "";
			projectRoot = "";
			targets = (
				3FE218211730C14A00CDF44B /* FoodBudgeter */,
				3F24B4471732D77F00A8068D /* DatabaseTest */,
			);
		};
/* End PBXProject section */

/* Begin PBXResourcesBuildPhase section */
		3F24B4451732D77F00A8068D /* Resources */ = {
			isa = PBXResourcesBuildPhase;
			buildActionMask = 2147483647;
			files = (
				3F24B4511732D77F00A8068D /* InfoPlist.strings in Resources */,
			);
			runOnlyForDeploymentPostprocessing = 0;
		};
		3FE218201730C14A00CDF44B /* Resources */ = {
			isa = PBXResourcesBuildPhase;
			buildActionMask = 2147483647;
			files = (
				3FE218301730C14A00CDF44B /* InfoPlist.strings in Resources */,
				3FE218381730C14B00CDF44B /* Default.png in Resources */,
				3FE2183A1730C14B00CDF44B /* Default@2x.png in Resources */,
				3FE2183C1730C14B00CDF44B /* Default-568h@2x.png in Resources */,
				3FE218411730C14B00CDF44B /* first.png in Resources */,
				3FE218431730C14B00CDF44B /* first@2x.png in Resources */,
				3FE218481730C14B00CDF44B /* second.png in Resources */,
				3FE2184A1730C14B00CDF44B /* second@2x.png in Resources */,
				3F24B43E1732D62F00A8068D /* AddRecipe.png in Resources */,
				9C56A6BC17311E550028C1C4 /* LogFoodViewController.xib in Resources */,
				3F24B4311732D2EA00A8068D /* FoodTableViewController.xib in Resources */,
				3FBA03F417430CDB00EFD4E4 /* IngredientsTableViewController.xib in Resources */,
				3FBA03F917430D9700EFD4E4 /* GroceryTableViewController.xib in Resources */,
				3FBA04011743135700EFD4E4 /* IngredientDetailViewController.xib in Resources */,
				3F67E9F9174423BB002F3791 /* eye.png in Resources */,
				3F67E9FF17447283002F3791 /* BudgetControllerViewController.xib in Resources */,
			);
			runOnlyForDeploymentPostprocessing = 0;
		};
/* End PBXResourcesBuildPhase section */

/* Begin PBXShellScriptBuildPhase section */
		3F24B4461732D77F00A8068D /* ShellScript */ = {
			isa = PBXShellScriptBuildPhase;
			buildActionMask = 2147483647;
			files = (
			);
			inputPaths = (
			);
			outputPaths = (
			);
			runOnlyForDeploymentPostprocessing = 0;
			shellPath = /bin/sh;
			shellScript = "# Run the unit tests in this test bundle.\n\"${SYSTEM_DEVELOPER_DIR}/Tools/RunUnitTests\"\n";
		};
/* End PBXShellScriptBuildPhase section */

/* Begin PBXSourcesBuildPhase section */
		3F24B4431732D77F00A8068D /* Sources */ = {
			isa = PBXSourcesBuildPhase;
			buildActionMask = 2147483647;
			files = (
				3F806E9C17419DF900FF71F3 /* ItemModelTest.m in Sources */,
			);
			runOnlyForDeploymentPostprocessing = 0;
		};
		3FE2181E1730C14A00CDF44B /* Sources */ = {
			isa = PBXSourcesBuildPhase;
			buildActionMask = 2147483647;
			files = (
				3FE218321730C14A00CDF44B /* main.m in Sources */,
				3FE218361730C14A00CDF44B /* AppDelegate.m in Sources */,
				3F24B4301732D2EA00A8068D /* FoodTableViewController.m in Sources */,
				3F24B4351732D30100A8068D /* FoodDetailTableViewController.m in Sources */,
				9C56A6BB17311E550028C1C4 /* LogFoodViewController.m in Sources */,
				3F821470173468DA00D1E292 /* DBManager.m in Sources */,
				3F6A58B51735DFA100B80F09 /* GroceryItem.m in Sources */,
				3F6A58B81735E20B00B80F09 /* Ingredient.m in Sources */,
				3F6A58BB1735E44B00B80F09 /* RecipeItem.m in Sources */,
				3F6A58BE1735E45B00B80F09 /* PurchasedItem.m in Sources */,
				3FEFCBE91737FFB8005B0DA5 /* QueryCommand.m in Sources */,
				3F787DE0173963D40073E0C0 /* Item.m in Sources */,
				3F787DE3173964130073E0C0 /* RemoveItemCommand.m in Sources */,
				3F09CC3B1739CBB200DA9AC3 /* ItemManager.m in Sources */,
				3FBA03F317430CDB00EFD4E4 /* IngredientsTableViewController.m in Sources */,
				3FBA03F817430D9700EFD4E4 /* GroceryTableViewController.m in Sources */,
				3FBA04001743135700EFD4E4 /* IngredientDetailViewController.m in Sources */,
				3F67E9FE17447283002F3791 /* BudgetControllerViewController.m in Sources */,
			);
			runOnlyForDeploymentPostprocessing = 0;
		};
/* End PBXSourcesBuildPhase section */

/* Begin PBXTargetDependency section */
		3F24B45A1732D78B00A8068D /* PBXTargetDependency */ = {
			isa = PBXTargetDependency;
			target = 3FE218211730C14A00CDF44B /* FoodBudgeter */;
			targetProxy = 3F24B4591732D78B00A8068D /* PBXContainerItemProxy */;
		};
/* End PBXTargetDependency section */

/* Begin PBXVariantGroup section */
		3F24B44F1732D77F00A8068D /* InfoPlist.strings */ = {
			isa = PBXVariantGroup;
			children = (
				3F24B4501732D77F00A8068D /* en */,
			);
			name = InfoPlist.strings;
			sourceTree = "<group>";
		};
		3FE2182E1730C14A00CDF44B /* InfoPlist.strings */ = {
			isa = PBXVariantGroup;
			children = (
				3FE2182F1730C14A00CDF44B /* en */,
			);
			name = InfoPlist.strings;
			sourceTree = "<group>";
		};
/* End PBXVariantGroup section */

/* Begin XCBuildConfiguration section */
		3F24B4571732D77F00A8068D /* Debug */ = {
			isa = XCBuildConfiguration;
			buildSettings = {
				BUNDLE_LOADER = "$(BUILT_PRODUCTS_DIR)/FoodBudgeter.app/FoodBudgeter";
				FRAMEWORK_SEARCH_PATHS = (
					"\"$(SDKROOT)/Developer/Library/Frameworks\"",
					"\"$(DEVELOPER_LIBRARY_DIR)/Frameworks\"",
					"$(inherited)",
				);
				GCC_PRECOMPILE_PREFIX_HEADER = YES;
				GCC_PREFIX_HEADER = "DatabaseTest/DatabaseTest-Prefix.pch";
				INFOPLIST_FILE = "DatabaseTest/DatabaseTest-Info.plist";
				PRODUCT_NAME = "$(TARGET_NAME)";
				TEST_HOST = "$(BUNDLE_LOADER)";
			};
			name = Debug;
		};
		3F24B4581732D77F00A8068D /* Release */ = {
			isa = XCBuildConfiguration;
			buildSettings = {
				BUNDLE_LOADER = "$(BUILT_PRODUCTS_DIR)/FoodBudgeter.app/FoodBudgeter";
				FRAMEWORK_SEARCH_PATHS = (
					"\"$(SDKROOT)/Developer/Library/Frameworks\"",
					"\"$(DEVELOPER_LIBRARY_DIR)/Frameworks\"",
					"$(inherited)",
				);
				GCC_PRECOMPILE_PREFIX_HEADER = YES;
				GCC_PREFIX_HEADER = "DatabaseTest/DatabaseTest-Prefix.pch";
				INFOPLIST_FILE = "DatabaseTest/DatabaseTest-Info.plist";
				PRODUCT_NAME = "$(TARGET_NAME)";
				TEST_HOST = "$(BUNDLE_LOADER)";
			};
			name = Release;
		};
		3FE218511730C14B00CDF44B /* Debug */ = {
			isa = XCBuildConfiguration;
			buildSettings = {
				ALWAYS_SEARCH_USER_PATHS = NO;
				CLANG_CXX_LANGUAGE_STANDARD = "gnu++0x";
				CLANG_CXX_LIBRARY = "libc++";
				CLANG_ENABLE_OBJC_ARC = YES;
				CLANG_WARN_CONSTANT_CONVERSION = YES;
				CLANG_WARN_EMPTY_BODY = YES;
				CLANG_WARN_ENUM_CONVERSION = YES;
				CLANG_WARN_INT_CONVERSION = YES;
				CLANG_WARN__DUPLICATE_METHOD_MATCH = YES;
				"CODE_SIGN_IDENTITY[sdk=iphoneos*]" = "iPhone Developer";
				COPY_PHASE_STRIP = NO;
				GCC_C_LANGUAGE_STANDARD = gnu99;
				GCC_DYNAMIC_NO_PIC = NO;
				GCC_OPTIMIZATION_LEVEL = 0;
				GCC_PREPROCESSOR_DEFINITIONS = (
					"DEBUG=1",
					"$(inherited)",
				);
				GCC_SYMBOLS_PRIVATE_EXTERN = NO;
				GCC_WARN_ABOUT_RETURN_TYPE = YES;
				GCC_WARN_UNINITIALIZED_AUTOS = YES;
				GCC_WARN_UNUSED_VARIABLE = YES;
				IPHONEOS_DEPLOYMENT_TARGET = 6.1;
				ONLY_ACTIVE_ARCH = YES;
				SDKROOT = iphoneos;
			};
			name = Debug;
		};
		3FE218521730C14B00CDF44B /* Release */ = {
			isa = XCBuildConfiguration;
			buildSettings = {
				ALWAYS_SEARCH_USER_PATHS = NO;
				CLANG_CXX_LANGUAGE_STANDARD = "gnu++0x";
				CLANG_CXX_LIBRARY = "libc++";
				CLANG_ENABLE_OBJC_ARC = YES;
				CLANG_WARN_CONSTANT_CONVERSION = YES;
				CLANG_WARN_EMPTY_BODY = YES;
				CLANG_WARN_ENUM_CONVERSION = YES;
				CLANG_WARN_INT_CONVERSION = YES;
				CLANG_WARN__DUPLICATE_METHOD_MATCH = YES;
				"CODE_SIGN_IDENTITY[sdk=iphoneos*]" = "iPhone Developer";
				COPY_PHASE_STRIP = YES;
				GCC_C_LANGUAGE_STANDARD = gnu99;
				GCC_WARN_ABOUT_RETURN_TYPE = YES;
				GCC_WARN_UNINITIALIZED_AUTOS = YES;
				GCC_WARN_UNUSED_VARIABLE = YES;
				IPHONEOS_DEPLOYMENT_TARGET = 6.1;
				OTHER_CFLAGS = "-DNS_BLOCK_ASSERTIONS=1";
				SDKROOT = iphoneos;
				VALIDATE_PRODUCT = YES;
			};
			name = Release;
		};
		3FE218541730C14B00CDF44B /* Debug */ = {
			isa = XCBuildConfiguration;
			buildSettings = {
				FRAMEWORK_SEARCH_PATHS = (
					"$(inherited)",
					"\"$(SYSTEM_APPS_DIR)/Xcode.app/Contents/Developer/Library/Frameworks\"",
				);
				GCC_PRECOMPILE_PREFIX_HEADER = YES;
				GCC_PREFIX_HEADER = "FoodBudgeter/FoodBudgeter-Prefix.pch";
				GCC_SYMBOLS_PRIVATE_EXTERN = NO;
				INFOPLIST_FILE = "FoodBudgeter/FoodBudgeter-Info.plist";
				PRODUCT_NAME = "$(TARGET_NAME)";
				WRAPPER_EXTENSION = app;
			};
			name = Debug;
		};
		3FE218551730C14B00CDF44B /* Release */ = {
			isa = XCBuildConfiguration;
			buildSettings = {
				FRAMEWORK_SEARCH_PATHS = (
					"$(inherited)",
					"\"$(SYSTEM_APPS_DIR)/Xcode.app/Contents/Developer/Library/Frameworks\"",
				);
				GCC_PRECOMPILE_PREFIX_HEADER = YES;
				GCC_PREFIX_HEADER = "FoodBudgeter/FoodBudgeter-Prefix.pch";
				GCC_SYMBOLS_PRIVATE_EXTERN = NO;
				INFOPLIST_FILE = "FoodBudgeter/FoodBudgeter-Info.plist";
				PRODUCT_NAME = "$(TARGET_NAME)";
				WRAPPER_EXTENSION = app;
			};
			name = Release;
		};
/* End XCBuildConfiguration section */

/* Begin XCConfigurationList section */
		3F24B4561732D77F00A8068D /* Build configuration list for PBXNativeTarget "DatabaseTest" */ = {
			isa = XCConfigurationList;
			buildConfigurations = (
				3F24B4571732D77F00A8068D /* Debug */,
				3F24B4581732D77F00A8068D /* Release */,
			);
			defaultConfigurationIsVisible = 0;
			defaultConfigurationName = Release;
		};
		3FE2181D1730C14A00CDF44B /* Build configuration list for PBXProject "FoodBudgeter" */ = {
			isa = XCConfigurationList;
			buildConfigurations = (
				3FE218511730C14B00CDF44B /* Debug */,
				3FE218521730C14B00CDF44B /* Release */,
			);
			defaultConfigurationIsVisible = 0;
			defaultConfigurationName = Release;
		};
		3FE218531730C14B00CDF44B /* Build configuration list for PBXNativeTarget "FoodBudgeter" */ = {
			isa = XCConfigurationList;
			buildConfigurations = (
				3FE218541730C14B00CDF44B /* Debug */,
				3FE218551730C14B00CDF44B /* Release */,
			);
			defaultConfigurationIsVisible = 0;
			defaultConfigurationName = Release;
		};
/* End XCConfigurationList section */
	};
	rootObject = 3FE2181A1730C14A00CDF44B /* Project object */;
}
